# This file is @generated by PDM.
# It is not intended for manual editing.

[metadata]
groups = ["default", "test", "dev"]
strategy = ["cross_platform", "inherit_metadata"]
lock_version = "4.4.1"
content_hash = "sha256:cf6dc8edd891ab99b843e68790e298d1932a0a53e7c49792a0577739149cccab"

[[package]]
name = "argcomplete"
version = "3.3.0"
requires_python = ">=3.8"
summary = "Bash tab completion for argparse"
groups = ["dev"]
files = [
    {file = "argcomplete-3.3.0-py3-none-any.whl", hash = "sha256:c168c3723482c031df3c207d4ba8fa702717ccb9fc0bfe4117166c1f537b4a54"},
    {file = "argcomplete-3.3.0.tar.gz", hash = "sha256:fd03ff4a5b9e6580569d34b273f741e85cd9e072f3feeeee3eba4891c70eda62"},
]

[[package]]
name = "attrs"
version = "23.2.0"
requires_python = ">=3.7"
summary = "Classes Without Boilerplate"
groups = ["test"]
files = [
    {file = "attrs-23.2.0-py3-none-any.whl", hash = "sha256:99b87a485a5820b23b879f04c2305b44b951b502fd64be915879d77a7e8fc6f1"},
    {file = "attrs-23.2.0.tar.gz", hash = "sha256:935dc3b529c262f6cf76e50877d35a4bd3c1de194fd41f47a2b7ae8f19971f30"},
]

[[package]]
name = "colorama"
version = "0.4.6"
requires_python = "!=3.0.*,!=3.1.*,!=3.2.*,!=3.3.*,!=3.4.*,!=3.5.*,!=3.6.*,>=2.7"
summary = "Cross-platform colored terminal text."
groups = ["dev"]
marker = "sys_platform == \"win32\""
files = [
    {file = "colorama-0.4.6-py2.py3-none-any.whl", hash = "sha256:4f1d9991f5acc0ca119f9d443620b77f9d6b33703e51011c16baf57afb285fc6"},
    {file = "colorama-0.4.6.tar.gz", hash = "sha256:08695f5cb7ed6e0531a20572697297273c47b8cae5a63ffc6d6ed5c201be6e44"},
]

[[package]]
name = "colorlog"
version = "6.8.2"
requires_python = ">=3.6"
summary = "Add colours to the output of Python's logging module."
groups = ["dev"]
dependencies = [
    "colorama; sys_platform == \"win32\"",
]
files = [
    {file = "colorlog-6.8.2-py3-none-any.whl", hash = "sha256:4dcbb62368e2800cb3c5abd348da7e53f6c362dda502ec27c560b2e58a66bd33"},
    {file = "colorlog-6.8.2.tar.gz", hash = "sha256:3e3e079a41feb5a1b64f978b5ea4f46040a94f11f0e8bbb8261e3dbbeca64d44"},
]

[[package]]
name = "default-mutable"
version = "0.1.0"
requires_python = ">=3,<4"
summary = "Prevent mutable default arguments behavior"
groups = ["default"]
files = [
    {file = "default_mutable-0.1.0-py3-none-any.whl", hash = "sha256:578aef7579fb25a3f4beb5b3e1c0644c43cd18a6d4c446696eea1c82130c9403"},
    {file = "default_mutable-0.1.0.tar.gz", hash = "sha256:65a122fa1219efdc1cf2075468d32fb329ec2ab75271b48e5b91b3b1b5f24ea3"},
]

[[package]]
name = "distlib"
version = "0.3.8"
summary = "Distribution utilities"
groups = ["dev"]
files = [
    {file = "distlib-0.3.8-py2.py3-none-any.whl", hash = "sha256:034db59a0b96f8ca18035f36290806a9a6e6bd9d1ff91e45a7f172eb17e51784"},
    {file = "distlib-0.3.8.tar.gz", hash = "sha256:1530ea13e350031b6312d8580ddb6b27a104275a31106523b8f123787f494f64"},
]

[[package]]
name = "filelock"
version = "3.14.0"
requires_python = ">=3.8"
summary = "A platform independent file lock."
groups = ["dev"]
files = [
    {file = "filelock-3.14.0-py3-none-any.whl", hash = "sha256:43339835842f110ca7ae60f1e1c160714c5a6afd15a2873419ab185334975c0f"},
    {file = "filelock-3.14.0.tar.gz", hash = "sha256:6ea72da3be9b8c82afd3edcf99f2fffbb5076335a5ae4d03248bb5b6c3eae78a"},
]

[[package]]
name = "hypothesis"
version = "6.101.0"
requires_python = ">=3.8"
summary = "A library for property-based testing"
groups = ["test"]
dependencies = [
    "attrs>=22.2.0",
    "sortedcontainers<3.0.0,>=2.1.0",
]
files = [
    {file = "hypothesis-6.101.0-py3-none-any.whl", hash = "sha256:3aeeda59bc7878aa2ad066f71925ab9296a148f7fb7d5395a47795035283dec2"},
    {file = "hypothesis-6.101.0.tar.gz", hash = "sha256:b43242fc2b672b26c81688876976c1c2cc44116050ca12f60eb2671b75eacd45"},
]

[[package]]
name = "nox"
version = "2024.4.15"
requires_python = ">=3.7"
summary = "Flexible test automation."
groups = ["dev"]
dependencies = [
    "argcomplete<4.0,>=1.9.4",
    "colorlog<7.0.0,>=2.6.1",
    "packaging>=20.9",
    "virtualenv>=20.14.1",
]
files = [
    {file = "nox-2024.4.15-py3-none-any.whl", hash = "sha256:6492236efa15a460ecb98e7b67562a28b70da006ab0be164e8821177577c0565"},
    {file = "nox-2024.4.15.tar.gz", hash = "sha256:ecf6700199cdfa9e5ea0a41ff5e6ef4641d09508eda6edb89d9987864115817f"},
]

[[package]]
name = "packaging"
version = "24.0"
requires_python = ">=3.7"
summary = "Core utilities for Python packages"
groups = ["dev"]
files = [
    {file = "packaging-24.0-py3-none-any.whl", hash = "sha256:2ddfb553fdf02fb784c234c7ba6ccc288296ceabec964ad2eae3777778130bc5"},
    {file = "packaging-24.0.tar.gz", hash = "sha256:eb82c5e3e56209074766e6885bb04b8c38a0c015d0a30036ebe7ece34c9989e9"},
]

[[package]]
name = "platformdirs"
version = "4.2.2"
requires_python = ">=3.8"
summary = "A small Python package for determining appropriate platform-specific dirs, e.g. a `user data dir`."
groups = ["dev"]
files = [
    {file = "platformdirs-4.2.2-py3-none-any.whl", hash = "sha256:2d7a1657e36a80ea911db832a8a6ece5ee53d8de21edd5cc5879af6530b1bfee"},
    {file = "platformdirs-4.2.2.tar.gz", hash = "sha256:38b7b51f512eed9e84a22788b4bce1de17c0adb134d6becb09836e37d8654cd3"},
]

[[package]]
name = "sortedcontainers"
version = "2.4.0"
summary = "Sorted Containers -- Sorted List, Sorted Dict, Sorted Set"
groups = ["test"]
files = [
    {file = "sortedcontainers-2.4.0-py2.py3-none-any.whl", hash = "sha256:a163dcaede0f1c021485e957a39245190e74249897e2ae4b2aa38595db237ee0"},
    {file = "sortedcontainers-2.4.0.tar.gz", hash = "sha256:25caa5a06cc30b6b83d11423433f65d1f9d76c4c6a0c90e3379eaa43b9bfdb88"},
]

[[package]]
name = "typing-extensions"
version = "4.11.0"
requires_python = ">=3.8"
summary = "Backported and Experimental Type Hints for Python 3.8+"
groups = ["default"]
files = [
    {file = "typing_extensions-4.11.0-py3-none-any.whl", hash = "sha256:c1f94d72897edaf4ce775bb7558d5b79d8126906a14ea5ed1635921406c0387a"},
    {file = "typing_extensions-4.11.0.tar.gz", hash = "sha256:83f085bd5ca59c80295fc2a82ab5dac679cbe02b9f33f7d83af68e241bea51b0"},
]

[[package]]
name = "virtualenv"
version = "20.26.2"
requires_python = ">=3.7"
summary = "Virtual Python Environment builder"
groups = ["dev"]
dependencies = [
    "distlib<1,>=0.3.7",
    "filelock<4,>=3.12.2",
    "platformdirs<5,>=3.9.1",
]
files = [
    {file = "virtualenv-20.26.2-py3-none-any.whl", hash = "sha256:a624db5e94f01ad993d476b9ee5346fdf7b9de43ccaee0e0197012dc838a0e9b"},
    {file = "virtualenv-20.26.2.tar.gz", hash = "sha256:82bf0f4eebbb78d36ddaee0283d43fe5736b53880b8a8cdcd37390a07ac3741c"},
]
